
Microsoft Visual Studio Solution File, Format Version 12.00
# Visual Studio 14
VisualStudioVersion = 14.0.25420.1
MinimumVisualStudioVersion = 10.0.40219.1
Project("{2150E333-8FDC-42A3-9474-1A3956D46DE8}") = "1.DTO", "1.DTO", "{6E80818C-D624-488A-8F5F-DFD1DD57DC33}"
EndProject
Project("{FAE04EC0-301F-11D3-BF4B-00C04F79EFBC}") = "GYM.Model", "GYM.Model\GYM.Model.csproj", "{1D8D9894-75BB-42FA-BC27-296FCF42AD76}"
EndProject
Project("{FAE04EC0-301F-11D3-BF4B-00C04F79EFBC}") = "GYM.Domain", "GYM.Domain\GYM.Domain.csproj", "{B385FB51-A79D-44DD-9B2C-F25DC589302D}"
EndProject
Project("{2150E333-8FDC-42A3-9474-1A3956D46DE8}") = "2.Core", "2.Core", "{2A95AD44-A185-4239-8E6A-59C1155AC00F}"
EndProject
Project("{FAE04EC0-301F-11D3-BF4B-00C04F79EFBC}") = "GYM.Core", "GYM.Core\GYM.Core.csproj", "{066EEC6F-9103-4165-AE18-7DB85CC51BE9}"
EndProject
Project("{FAE04EC0-301F-11D3-BF4B-00C04F79EFBC}") = "GYM.Web.Framework", "GYM.Web.Framework\GYM.Web.Framework.csproj", "{CA6812E1-1B0F-4D7A-BB6F-CA5562AD7AC3}"
EndProject
Project("{2150E333-8FDC-42A3-9474-1A3956D46DE8}") = "3.Presentation", "3.Presentation", "{749DD68B-3637-404B-8A16-799BB91C6FFD}"
EndProject
Project("{FAE04EC0-301F-11D3-BF4B-00C04F79EFBC}") = "GYM.Web", "GYM.Web\GYM.Web.csproj", "{3D36C8BB-4C40-41A3-B00A-DE36BCF8900E}"
EndProject
Project("{2150E333-8FDC-42A3-9474-1A3956D46DE8}") = "4.Service", "4.Service", "{6A057018-D199-48EC-B012-8D0347FB269C}"
EndProject
Project("{FAE04EC0-301F-11D3-BF4B-00C04F79EFBC}") = "GYM.IService", "GYM.IService\GYM.IService.csproj", "{5BEE0A3F-E06D-4DB2-BFB1-37C1EB57350A}"
EndProject
Project("{FAE04EC0-301F-11D3-BF4B-00C04F79EFBC}") = "GYM.Service", "GYM.Service\GYM.Service.csproj", "{30058639-3062-414A-BEFE-13CE45B401B9}"
EndProject
Project("{2150E333-8FDC-42A3-9474-1A3956D46DE8}") = "5.UTest", "5.UTest", "{4B9DA478-C70F-4969-A3D2-D443F5027E51}"
EndProject
Project("{FAE04EC0-301F-11D3-BF4B-00C04F79EFBC}") = "GYM.Test", "GYM.Test\GYM.Test.csproj", "{0943A230-C018-4224-AD7D-7F6B70FC87D5}"
EndProject
Project("{FAE04EC0-301F-11D3-BF4B-00C04F79EFBC}") = "GYM.DB", "GYM.DB\GYM.DB.csproj", "{134E4193-1237-487D-BBAD-2D7C573427C9}"
EndProject
Global
	GlobalSection(SolutionConfigurationPlatforms) = preSolution
		Debug|Any CPU = Debug|Any CPU
		Release|Any CPU = Release|Any CPU
	EndGlobalSection
	GlobalSection(ProjectConfigurationPlatforms) = postSolution
		{1D8D9894-75BB-42FA-BC27-296FCF42AD76}.Debug|Any CPU.ActiveCfg = Debug|Any CPU
		{1D8D9894-75BB-42FA-BC27-296FCF42AD76}.Debug|Any CPU.Build.0 = Debug|Any CPU
		{1D8D9894-75BB-42FA-BC27-296FCF42AD76}.Release|Any CPU.ActiveCfg = Release|Any CPU
		{1D8D9894-75BB-42FA-BC27-296FCF42AD76}.Release|Any CPU.Build.0 = Release|Any CPU
		{B385FB51-A79D-44DD-9B2C-F25DC589302D}.Debug|Any CPU.ActiveCfg = Debug|Any CPU
		{B385FB51-A79D-44DD-9B2C-F25DC589302D}.Debug|Any CPU.Build.0 = Debug|Any CPU
		{B385FB51-A79D-44DD-9B2C-F25DC589302D}.Release|Any CPU.ActiveCfg = Release|Any CPU
		{B385FB51-A79D-44DD-9B2C-F25DC589302D}.Release|Any CPU.Build.0 = Release|Any CPU
		{066EEC6F-9103-4165-AE18-7DB85CC51BE9}.Debug|Any CPU.ActiveCfg = Debug|Any CPU
		{066EEC6F-9103-4165-AE18-7DB85CC51BE9}.Debug|Any CPU.Build.0 = Debug|Any CPU
		{066EEC6F-9103-4165-AE18-7DB85CC51BE9}.Release|Any CPU.ActiveCfg = Release|Any CPU
		{066EEC6F-9103-4165-AE18-7DB85CC51BE9}.Release|Any CPU.Build.0 = Release|Any CPU
		{CA6812E1-1B0F-4D7A-BB6F-CA5562AD7AC3}.Debug|Any CPU.ActiveCfg = Debug|Any CPU
		{CA6812E1-1B0F-4D7A-BB6F-CA5562AD7AC3}.Debug|Any CPU.Build.0 = Debug|Any CPU
		{CA6812E1-1B0F-4D7A-BB6F-CA5562AD7AC3}.Release|Any CPU.ActiveCfg = Release|Any CPU
		{CA6812E1-1B0F-4D7A-BB6F-CA5562AD7AC3}.Release|Any CPU.Build.0 = Release|Any CPU
		{3D36C8BB-4C40-41A3-B00A-DE36BCF8900E}.Debug|Any CPU.ActiveCfg = Debug|Any CPU
		{3D36C8BB-4C40-41A3-B00A-DE36BCF8900E}.Debug|Any CPU.Build.0 = Debug|Any CPU
		{3D36C8BB-4C40-41A3-B00A-DE36BCF8900E}.Release|Any CPU.ActiveCfg = Release|Any CPU
		{3D36C8BB-4C40-41A3-B00A-DE36BCF8900E}.Release|Any CPU.Build.0 = Release|Any CPU
		{5BEE0A3F-E06D-4DB2-BFB1-37C1EB57350A}.Debug|Any CPU.ActiveCfg = Debug|Any CPU
		{5BEE0A3F-E06D-4DB2-BFB1-37C1EB57350A}.Debug|Any CPU.Build.0 = Debug|Any CPU
		{5BEE0A3F-E06D-4DB2-BFB1-37C1EB57350A}.Release|Any CPU.ActiveCfg = Release|Any CPU
		{5BEE0A3F-E06D-4DB2-BFB1-37C1EB57350A}.Release|Any CPU.Build.0 = Release|Any CPU
		{30058639-3062-414A-BEFE-13CE45B401B9}.Debug|Any CPU.ActiveCfg = Debug|Any CPU
		{30058639-3062-414A-BEFE-13CE45B401B9}.Debug|Any CPU.Build.0 = Debug|Any CPU
		{30058639-3062-414A-BEFE-13CE45B401B9}.Release|Any CPU.ActiveCfg = Release|Any CPU
		{30058639-3062-414A-BEFE-13CE45B401B9}.Release|Any CPU.Build.0 = Release|Any CPU
		{0943A230-C018-4224-AD7D-7F6B70FC87D5}.Debug|Any CPU.ActiveCfg = Debug|Any CPU
		{0943A230-C018-4224-AD7D-7F6B70FC87D5}.Debug|Any CPU.Build.0 = Debug|Any CPU
		{0943A230-C018-4224-AD7D-7F6B70FC87D5}.Release|Any CPU.ActiveCfg = Release|Any CPU
		{0943A230-C018-4224-AD7D-7F6B70FC87D5}.Release|Any CPU.Build.0 = Release|Any CPU
		{134E4193-1237-487D-BBAD-2D7C573427C9}.Debug|Any CPU.ActiveCfg = Debug|Any CPU
		{134E4193-1237-487D-BBAD-2D7C573427C9}.Debug|Any CPU.Build.0 = Debug|Any CPU
		{134E4193-1237-487D-BBAD-2D7C573427C9}.Release|Any CPU.ActiveCfg = Release|Any CPU
		{134E4193-1237-487D-BBAD-2D7C573427C9}.Release|Any CPU.Build.0 = Release|Any CPU
	EndGlobalSection
	GlobalSection(SolutionProperties) = preSolution
		HideSolutionNode = FALSE
	EndGlobalSection
	GlobalSection(NestedProjects) = preSolution
		{1D8D9894-75BB-42FA-BC27-296FCF42AD76} = {6E80818C-D624-488A-8F5F-DFD1DD57DC33}
		{B385FB51-A79D-44DD-9B2C-F25DC589302D} = {6E80818C-D624-488A-8F5F-DFD1DD57DC33}
		{066EEC6F-9103-4165-AE18-7DB85CC51BE9} = {2A95AD44-A185-4239-8E6A-59C1155AC00F}
		{CA6812E1-1B0F-4D7A-BB6F-CA5562AD7AC3} = {2A95AD44-A185-4239-8E6A-59C1155AC00F}
		{3D36C8BB-4C40-41A3-B00A-DE36BCF8900E} = {749DD68B-3637-404B-8A16-799BB91C6FFD}
		{5BEE0A3F-E06D-4DB2-BFB1-37C1EB57350A} = {6A057018-D199-48EC-B012-8D0347FB269C}
		{30058639-3062-414A-BEFE-13CE45B401B9} = {6A057018-D199-48EC-B012-8D0347FB269C}
		{0943A230-C018-4224-AD7D-7F6B70FC87D5} = {4B9DA478-C70F-4969-A3D2-D443F5027E51}
		{134E4193-1237-487D-BBAD-2D7C573427C9} = {6E80818C-D624-488A-8F5F-DFD1DD57DC33}
	EndGlobalSection
EndGlobal
